
Microsoft Visual Studio Solution File, Format Version 12.00
# Visual Studio Version 16
VisualStudioVersion = 16.0.29920.165
MinimumVisualStudioVersion = 10.0.40219.1
Project("{FAE04EC0-301F-11D3-BF4B-00C04F79EFBC}") = "Teste Fila MassTransit", "Teste Fila MassTransit\Teste Fila MassTransit.csproj", "{A9F958F3-F720-4B04-B261-5B8B382972CB}"
EndProject
Global
	GlobalSection(SolutionConfigurationPlatforms) = preSolution
		Debug|Any CPU = Debug|Any CPU
		Release|Any CPU = Release|Any CPU
	EndGlobalSection
	GlobalSection(ProjectConfigurationPlatforms) = postSolution
		{A9F958F3-F720-4B04-B261-5B8B382972CB}.Debug|Any CPU.ActiveCfg = Debug|Any CPU
		{A9F958F3-F720-4B04-B261-5B8B382972CB}.Debug|Any CPU.Build.0 = Debug|Any CPU
		{A9F958F3-F720-4B04-B261-5B8B382972CB}.Release|Any CPU.ActiveCfg = Release|Any CPU
		{A9F958F3-F720-4B04-B261-5B8B382972CB}.Release|Any CPU.Build.0 = Release|Any CPU
	EndGlobalSection
	GlobalSection(SolutionProperties) = preSolution
		HideSolutionNode = FALSE
	EndGlobalSection
	GlobalSection(ExtensibilityGlobals) = postSolution
		SolutionGuid = {9CE2F2BB-2380-45DB-A3B1-E19EDD962413}
	EndGlobalSection
EndGlobal
